
Microsoft Visual Studio Solution File, Format Version 12.00
# Visual Studio Version 17
VisualStudioVersion = 17.7.34031.279
MinimumVisualStudioVersion = 10.0.40219.1
Project("{FAE04EC0-301F-11D3-BF4B-00C04F79EFBC}") = "AzureBlobStorage.API", "AzureBlobStorage.API\AzureBlobStorage.API.csproj", "{0896AC81-B6D9-4836-9D46-0A71D166E3CA}"
EndProject
Project("{2150E333-8FDC-42A3-9474-1A3956D46DE8}") = "AzureBlobStorage", "AzureBlobStorage", "{6BE14173-D0DA-4468-8876-E3AC87BC0AD5}"
EndProject
Project("{2150E333-8FDC-42A3-9474-1A3956D46DE8}") = "AzureTable", "AzureTable", "{B862DBAD-3B53-4B3F-AA0B-C39C3A0EAFE5}"
EndProject
Project("{FAE04EC0-301F-11D3-BF4B-00C04F79EFBC}") = "AzureTablesApi", "AzureTablesApi\AzureTablesApi.csproj", "{6E7BEE36-99CB-490A-A257-174A513FE10F}"
EndProject
Global
	GlobalSection(SolutionConfigurationPlatforms) = preSolution
		Debug|Any CPU = Debug|Any CPU
		Release|Any CPU = Release|Any CPU
	EndGlobalSection
	GlobalSection(ProjectConfigurationPlatforms) = postSolution
		{0896AC81-B6D9-4836-9D46-0A71D166E3CA}.Debug|Any CPU.ActiveCfg = Debug|Any CPU
		{0896AC81-B6D9-4836-9D46-0A71D166E3CA}.Debug|Any CPU.Build.0 = Debug|Any CPU
		{0896AC81-B6D9-4836-9D46-0A71D166E3CA}.Release|Any CPU.ActiveCfg = Release|Any CPU
		{0896AC81-B6D9-4836-9D46-0A71D166E3CA}.Release|Any CPU.Build.0 = Release|Any CPU
		{6E7BEE36-99CB-490A-A257-174A513FE10F}.Debug|Any CPU.ActiveCfg = Debug|Any CPU
		{6E7BEE36-99CB-490A-A257-174A513FE10F}.Debug|Any CPU.Build.0 = Debug|Any CPU
		{6E7BEE36-99CB-490A-A257-174A513FE10F}.Release|Any CPU.ActiveCfg = Release|Any CPU
		{6E7BEE36-99CB-490A-A257-174A513FE10F}.Release|Any CPU.Build.0 = Release|Any CPU
	EndGlobalSection
	GlobalSection(SolutionProperties) = preSolution
		HideSolutionNode = FALSE
	EndGlobalSection
	GlobalSection(NestedProjects) = preSolution
		{0896AC81-B6D9-4836-9D46-0A71D166E3CA} = {6BE14173-D0DA-4468-8876-E3AC87BC0AD5}
		{6E7BEE36-99CB-490A-A257-174A513FE10F} = {B862DBAD-3B53-4B3F-AA0B-C39C3A0EAFE5}
	EndGlobalSection
	GlobalSection(ExtensibilityGlobals) = postSolution
		SolutionGuid = {DACCB655-EE0B-4A3F-84AB-48E866943935}
	EndGlobalSection
EndGlobal
